// !$*UTF8*$!
{
	archiveVersion = 1;
	classes = {
	};
	objectVersion = 46;
	objects = {

/* Begin PBXBuildFile section */
		A9D680B91C0330BB00B5CEFA /* AppDelegate.swift in Sources */ = {isa = PBXBuildFile; fileRef = A9D680B81C0330BB00B5CEFA /* AppDelegate.swift */; };
		A9D680BB1C0330BB00B5CEFA /* ViewController.swift in Sources */ = {isa = PBXBuildFile; fileRef = A9D680BA1C0330BB00B5CEFA /* ViewController.swift */; };
		A9D680BE1C0330BB00B5CEFA /* Main.storyboard in Resources */ = {isa = PBXBuildFile; fileRef = A9D680BC1C0330BB00B5CEFA /* Main.storyboard */; };
		A9D680C01C0330BB00B5CEFA /* Assets.xcassets in Resources */ = {isa = PBXBuildFile; fileRef = A9D680BF1C0330BB00B5CEFA /* Assets.xcassets */; };
		A9D680C31C0330BB00B5CEFA /* LaunchScreen.storyboard in Resources */ = {isa = PBXBuildFile; fileRef = A9D680C11C0330BB00B5CEFA /* LaunchScreen.storyboard */; };
		A9D680CB1C0330CE00B5CEFA /* MapKit.framework in Frameworks */ = {isa = PBXBuildFile; fileRef = A9D680CA1C0330CE00B5CEFA /* MapKit.framework */; };
		A9D680CD1C03356100B5CEFA /* SecondViewController.swift in Sources */ = {isa = PBXBuildFile; fileRef = A9D680CC1C03356100B5CEFA /* SecondViewController.swift */; };
		A9D680CF1C0340F400B5CEFA /* ThirdViewController.swift in Sources */ = {isa = PBXBuildFile; fileRef = A9D680CE1C0340F400B5CEFA /* ThirdViewController.swift */; };
/* End PBXBuildFile section */

/* Begin PBXFileReference section */
		27E5029E1C16005F009061AD /* Location.gpx */ = {isa = PBXFileReference; lastKnownFileType = text.xml; path = Location.gpx; sourceTree = "<group>"; };
		A9D680B51C0330BB00B5CEFA /* Cache Grab.app */ = {isa = PBXFileReference; explicitFileType = wrapper.application; includeInIndex = 0; path = "Cache Grab.app"; sourceTree = BUILT_PRODUCTS_DIR; };
		A9D680B81C0330BB00B5CEFA /* AppDelegate.swift */ = {isa = PBXFileReference; lastKnownFileType = sourcecode.swift; path = AppDelegate.swift; sourceTree = "<group>"; };
		A9D680BA1C0330BB00B5CEFA /* ViewController.swift */ = {isa = PBXFileReference; lastKnownFileType = sourcecode.swift; path = ViewController.swift; sourceTree = "<group>"; };
		A9D680BD1C0330BB00B5CEFA /* Base */ = {isa = PBXFileReference; lastKnownFileType = file.storyboard; name = Base; path = Base.lproj/Main.storyboard; sourceTree = "<group>"; };
		A9D680BF1C0330BB00B5CEFA /* Assets.xcassets */ = {isa = PBXFileReference; lastKnownFileType = folder.assetcatalog; path = Assets.xcassets; sourceTree = "<group>"; };
		A9D680C21C0330BB00B5CEFA /* Base */ = {isa = PBXFileReference; lastKnownFileType = file.storyboard; name = Base; path = Base.lproj/LaunchScreen.storyboard; sourceTree = "<group>"; };
		A9D680C41C0330BB00B5CEFA /* Info.plist */ = {isa = PBXFileReference; lastKnownFileType = text.plist.xml; path = Info.plist; sourceTree = "<group>"; };
		A9D680CA1C0330CE00B5CEFA /* MapKit.framework */ = {isa = PBXFileReference; lastKnownFileType = wrapper.framework; name = MapKit.framework; path = System/Library/Frameworks/MapKit.framework; sourceTree = SDKROOT; };
		A9D680CC1C03356100B5CEFA /* SecondViewController.swift */ = {isa = PBXFileReference; fileEncoding = 4; lastKnownFileType = sourcecode.swift; path = SecondViewController.swift; sourceTree = "<group>"; };
		A9D680CE1C0340F400B5CEFA /* ThirdViewController.swift */ = {isa = PBXFileReference; fileEncoding = 4; lastKnownFileType = sourcecode.swift; path = ThirdViewController.swift; sourceTree = "<group>"; };
/* End PBXFileReference section */

/* Begin PBXFrameworksBuildPhase section */
		A9D680B21C0330BB00B5CEFA /* Frameworks */ = {
			isa = PBXFrameworksBuildPhase;
			buildActionMask = 2147483647;
			files = (
				A9D680CB1C0330CE00B5CEFA /* MapKit.framework in Frameworks */,
			);
			runOnlyForDeploymentPostprocessing = 0;
		};
/* End PBXFrameworksBuildPhase section */

/* Begin PBXGroup section */
		A9D680AC1C0330B900B5CEFA = {
			isa = PBXGroup;
			children = (
				27E5029E1C16005F009061AD /* Location.gpx */,
				A9D680CA1C0330CE00B5CEFA /* MapKit.framework */,
				A9D680B71C0330BB00B5CEFA /* Cache Grab */,
				A9D680B61C0330BB00B5CEFA /* Products */,
			);
			sourceTree = "<group>";
		};
		A9D680B61C0330BB00B5CEFA /* Products */ = {
			isa = PBXGroup;
			children = (
				A9D680B51C0330BB00B5CEFA /* Cache Grab.app */,
			);
			name = Products;
			sourceTree = "<group>";
		};
		A9D680B71C0330BB00B5CEFA /* Cache Grab */ = {
			isa = PBXGroup;
			children = (
				A9D680B81C0330BB00B5CEFA /* AppDelegate.swift */,
				A9D680BA1C0330BB00B5CEFA /* ViewController.swift */,
				A9D680CC1C03356100B5CEFA /* SecondViewController.swift */,
				A9D680CE1C0340F400B5CEFA /* ThirdViewController.swift */,
				A9D680BC1C0330BB00B5CEFA /* Main.storyboard */,
				A9D680BF1C0330BB00B5CEFA /* Assets.xcassets */,
				A9D680C11C0330BB00B5CEFA /* LaunchScreen.storyboard */,
				A9D680C41C0330BB00B5CEFA /* Info.plist */,
			);
			path = "Cache Grab";
			sourceTree = "<group>";
		};
/* End PBXGroup section */

/* Begin PBXNativeTarget section */
		A9D680B41C0330BB00B5CEFA /* Cache Grab */ = {
			isa = PBXNativeTarget;
			buildConfigurationList = A9D680C71C0330BB00B5CEFA /* Build configuration list for PBXNativeTarget "Cache Grab" */;
			buildPhases = (
				A9D680B11C0330BB00B5CEFA /* Sources */,
				A9D680B21C0330BB00B5CEFA /* Frameworks */,
				A9D680B31C0330BB00B5CEFA /* Resources */,
			);
			buildRules = (
			);
			dependencies = (
			);
			name = "Cache Grab";
			productName = "Cache Grab";
			productReference = A9D680B51C0330BB00B5CEFA /* Cache Grab.app */;
			productType = "com.apple.product-type.application";
		};
/* End PBXNativeTarget section */

/* Begin PBXProject section */
		A9D680AD1C0330B900B5CEFA /* Project object */ = {
			isa = PBXProject;
			attributes = {
				LastUpgradeCheck = 0700;
				ORGANIZATIONNAME = "Robin Osolinski";
				TargetAttributes = {
					A9D680B41C0330BB00B5CEFA = {
						CreatedOnToolsVersion = 7.0.1;
					};
				};
			};
			buildConfigurationList = A9D680B01C0330B900B5CEFA /* Build configuration list for PBXProject "Cache Grab" */;
			compatibilityVersion = "Xcode 3.2";
			developmentRegion = English;
			hasScannedForEncodings = 0;
			knownRegions = (
				en,
				Base,
			);
			mainGroup = A9D680AC1C0330B900B5CEFA;
			productRefGroup = A9D680B61C0330BB00B5CEFA /* Products */;
			projectDirPath = "";
			projectRoot = "";
			targets = (
				A9D680B41C0330BB00B5CEFA /* Cache Grab */,
			);
		};
/* End PBXProject section */

/* Begin PBXResourcesBuildPhase section */
		A9D680B31C0330BB00B5CEFA /* Resources */ = {
			isa = PBXResourcesBuildPhase;
			buildActionMask = 2147483647;
			files = (
				A9D680C31C0330BB00B5CEFA /* LaunchScreen.storyboard in Resources */,
				A9D680C01C0330BB00B5CEFA /* Assets.xcassets in Resources */,
				A9D680BE1C0330BB00B5CEFA /* Main.storyboard in Resources */,
			);
			runOnlyForDeploymentPostprocessing = 0;
		};
/* End PBXResourcesBuildPhase section */

/* Begin PBXSourcesBuildPhase section */
		A9D680B11C0330BB00B5CEFA /* Sources */ = {
			isa = PBXSourcesBuildPhase;
			buildActionMask = 2147483647;
			files = (
				A9D680CD1C03356100B5CEFA /* SecondViewController.swift in Sources */,
				A9D680BB1C0330BB00B5CEFA /* ViewController.swift in Sources */,
				A9D680CF1C0340F400B5CEFA /* ThirdViewController.swift in Sources */,
				A9D680B91C0330BB00B5CEFA /* AppDelegate.swift in Sources */,
			);
			runOnlyForDeploymentPostprocessing = 0;
		};
/* End PBXSourcesBuildPhase section */

/* Begin PBXVariantGroup section */
		A9D680BC1C0330BB00B5CEFA /* Main.storyboard */ = {
			isa = PBXVariantGroup;
			children = (
				A9D680BD1C0330BB00B5CEFA /* Base */,
			);
			name = Main.storyboard;
			sourceTree = "<group>";
		};
		A9D680C11C0330BB00B5CEFA /* LaunchScreen.storyboard */ = {
			isa = PBXVariantGroup;
			children = (
				A9D680C21C0330BB00B5CEFA /* Base */,
			);
			name = LaunchScreen.storyboard;
			sourceTree = "<group>";
		};
/* End PBXVariantGroup section */

/* Begin XCBuildConfiguration section */
		A9D680C51C0330BB00B5CEFA /* Debug */ = {
			isa = XCBuildConfiguration;
			buildSettings = {
				ALWAYS_SEARCH_USER_PATHS = NO;
				CLANG_CXX_LANGUAGE_STANDARD = "gnu++0x";
				CLANG_CXX_LIBRARY = "libc++";
				CLANG_ENABLE_MODULES = YES;
				CLANG_ENABLE_OBJC_ARC = YES;
				CLANG_WARN_BOOL_CONVERSION = YES;
				CLANG_WARN_CONSTANT_CONVERSION = YES;
				CLANG_WARN_DIRECT_OBJC_ISA_USAGE = YES_ERROR;
				CLANG_WARN_EMPTY_BODY = YES;
				CLANG_WARN_ENUM_CONVERSION = YES;
				CLANG_WARN_INT_CONVERSION = YES;
				CLANG_WARN_OBJC_ROOT_CLASS = YES_ERROR;
				CLANG_WARN_UNREACHABLE_CODE = YES;
				CLANG_WARN__DUPLICATE_METHOD_MATCH = YES;
				"CODE_SIGN_IDENTITY[sdk=iphoneos*]" = "iPhone Developer";
				COPY_PHASE_STRIP = NO;
				DEBUG_INFORMATION_FORMAT = dwarf;
				ENABLE_STRICT_OBJC_MSGSEND = YES;
				ENABLE_TESTABILITY = YES;
				GCC_C_LANGUAGE_STANDARD = gnu99;
				GCC_DYNAMIC_NO_PIC = NO;
				GCC_NO_COMMON_BLOCKS = YES;
				GCC_OPTIMIZATION_LEVEL = 0;
				GCC_PREPROCESSOR_DEFINITIONS = (
					"DEBUG=1",
					"$(inherited)",
				);
				GCC_WARN_64_TO_32_BIT_CONVERSION = YES;
				GCC_WARN_ABOUT_RETURN_TYPE = YES_ERROR;
				GCC_WARN_UNDECLARED_SELECTOR = YES;
				GCC_WARN_UNINITIALIZED_AUTOS = YES_AGGRESSIVE;
				GCC_WARN_UNUSED_FUNCTION = YES;
				GCC_WARN_UNUSED_VARIABLE = YES;
				IPHONEOS_DEPLOYMENT_TARGET = 9.0;
				MTL_ENABLE_DEBUG_INFO = YES;
				ONLY_ACTIVE_ARCH = YES;
				SDKROOT = iphoneos;
				SWIFT_OPTIMIZATION_LEVEL = "-Onone";
				TARGETED_DEVICE_FAMILY = "1,2";
			};
			name = Debug;
		};
		A9D680C61C0330BB00B5CEFA /* Release */ = {
			isa = XCBuildConfiguration;
			buildSettings = {
				ALWAYS_SEARCH_USER_PATHS = NO;
				CLANG_CXX_LANGUAGE_STANDARD = "gnu++0x";
				CLANG_CXX_LIBRARY = "libc++";
				CLANG_ENABLE_MODULES = YES;
				CLANG_ENABLE_OBJC_ARC = YES;
				CLANG_WARN_BOOL_CONVERSION = YES;
				CLANG_WARN_CONSTANT_CONVERSION = YES;
				CLANG_WARN_DIRECT_OBJC_ISA_USAGE = YES_ERROR;
				CLANG_WARN_EMPTY_BODY = YES;
				CLANG_WARN_ENUM_CONVERSION = YES;
				CLANG_WARN_INT_CONVERSION = YES;
				CLANG_WARN_OBJC_ROOT_CLASS = YES_ERROR;
				CLANG_WARN_UNREACHABLE_CODE = YES;
				CLANG_WARN__DUPLICATE_METHOD_MATCH = YES;
				"CODE_SIGN_IDENTITY[sdk=iphoneos*]" = "iPhone Developer";
				COPY_PHASE_STRIP = NO;
				DEBUG_INFORMATION_FORMAT = "dwarf-with-dsym";
				ENABLE_NS_ASSERTIONS = NO;
				ENABLE_STRICT_OBJC_MSGSEND = YES;
				GCC_C_LANGUAGE_STANDARD = gnu99;
				GCC_NO_COMMON_BLOCKS = YES;
				GCC_WARN_64_TO_32_BIT_CONVERSION = YES;
				GCC_WARN_ABOUT_RETURN_TYPE = YES_ERROR;
				GCC_WARN_UNDECLARED_SELECTOR = YES;
				GCC_WARN_UNINITIALIZED_AUTOS = YES_AGGRESSIVE;
				GCC_WARN_UNUSED_FUNCTION = YES;
				GCC_WARN_UNUSED_VARIABLE = YES;
				IPHONEOS_DEPLOYMENT_TARGET = 9.0;
				MTL_ENABLE_DEBUG_INFO = NO;
				SDKROOT = iphoneos;
				TARGETED_DEVICE_FAMILY = "1,2";
				VALIDATE_PRODUCT = YES;
			};
			name = Release;
		};
		A9D680C81C0330BB00B5CEFA /* Debug */ = {
			isa = XCBuildConfiguration;
			buildSettings = {
				ASSETCATALOG_COMPILER_APPICON_NAME = AppIcon;
				INFOPLIST_FILE = "Cache Grab/Info.plist";
				LD_RUNPATH_SEARCH_PATHS = "$(inherited) @executable_path/Frameworks";
				PRODUCT_BUNDLE_IDENTIFIER = "cachegrab.Cache-Grab";
				PRODUCT_NAME = "$(TARGET_NAME)";
			};
			name = Debug;
		};
		A9D680C91C0330BB00B5CEFA /* Release */ = {
			isa = XCBuildConfiguration;
			buildSettings = {
				ASSETCATALOG_COMPILER_APPICON_NAME = AppIcon;
				INFOPLIST_FILE = "Cache Grab/Info.plist";
				LD_RUNPATH_SEARCH_PATHS = "$(inherited) @executable_path/Frameworks";
				PRODUCT_BUNDLE_IDENTIFIER = "cachegrab.Cache-Grab";
				PRODUCT_NAME = "$(TARGET_NAME)";
			};
			name = Release;
		};
/* End XCBuildConfiguration section */

/* Begin XCConfigurationList section */
		A9D680B01C0330B900B5CEFA /* Build configuration list for PBXProject "Cache Grab" */ = {
			isa = XCConfigurationList;
			buildConfigurations = (
				A9D680C51C0330BB00B5CEFA /* Debug */,
				A9D680C61C0330BB00B5CEFA /* Release */,
			);
			defaultConfigurationIsVisible = 0;
			defaultConfigurationName = Release;
		};
		A9D680C71C0330BB00B5CEFA /* Build configuration list for PBXNativeTarget "Cache Grab" */ = {
			isa = XCConfigurationList;
			buildConfigurations = (
				A9D680C81C0330BB00B5CEFA /* Debug */,
				A9D680C91C0330BB00B5CEFA /* Release */,
			);
			defaultConfigurationIsVisible = 0;
			defaultConfigurationName = Release;
		};
/* End XCConfigurationList section */
	};
	rootObject = A9D680AD1C0330B900B5CEFA /* Project object */;
}
